// !$*UTF8*$!
{
	archiveVersion = 1;
	classes = {
	};
	objectVersion = 46;
	objects = {

/* Begin PBXBuildFile section */
		0B4E50E60191CC514C6C342B /* libPods.a in Frameworks */ = {isa = PBXBuildFile; fileRef = 0FE74C8F4A2EC30C5B849EC0 /* libPods.a */; };
		4920716F1C47B10C002ACC06 /* WebParserViewController.m in Sources */ = {isa = PBXBuildFile; fileRef = 4920716E1C47B10C002ACC06 /* WebParserViewController.m */; };
		492071711C47B26F002ACC06 /* libxml2.tbd in Frameworks */ = {isa = PBXBuildFile; fileRef = 492071701C47B26F002ACC06 /* libxml2.tbd */; };
		4964A85F1BFF29C500F4B902 /* license.sqlite3 in Resources */ = {isa = PBXBuildFile; fileRef = 4964A85E1BFF29C500F4B902 /* license.sqlite3 */; };
		4964A8621BFF3DD900F4B902 /* ChartViewController.m in Sources */ = {isa = PBXBuildFile; fileRef = 4964A8611BFF3DD900F4B902 /* ChartViewController.m */; };
		4964A86E1BFF516B00F4B902 /* BEMAverageLine.m in Sources */ = {isa = PBXBuildFile; fileRef = 4964A8651BFF516B00F4B902 /* BEMAverageLine.m */; };
		4964A86F1BFF516B00F4B902 /* BEMCircle.m in Sources */ = {isa = PBXBuildFile; fileRef = 4964A8671BFF516B00F4B902 /* BEMCircle.m */; };
		4964A8701BFF516B00F4B902 /* BEMLine.m in Sources */ = {isa = PBXBuildFile; fileRef = 4964A8691BFF516B00F4B902 /* BEMLine.m */; };
		4964A8711BFF516B00F4B902 /* BEMPermanentPopupView.m in Sources */ = {isa = PBXBuildFile; fileRef = 4964A86B1BFF516B00F4B902 /* BEMPermanentPopupView.m */; };
		4964A8721BFF516B00F4B902 /* BEMSimpleLineGraphView.m in Sources */ = {isa = PBXBuildFile; fileRef = 4964A86D1BFF516B00F4B902 /* BEMSimpleLineGraphView.m */; };
		496BFBE61C23CF4E0001B2BD /* WebPageViewController.m in Sources */ = {isa = PBXBuildFile; fileRef = 496BFBE51C23CF4E0001B2BD /* WebPageViewController.m */; };
		4977B4301BE743DA000B23FC /* AddNewEntryController.m in Sources */ = {isa = PBXBuildFile; fileRef = 4977B42F1BE743DA000B23FC /* AddNewEntryController.m */; };
		4977B43A1BE7783E000B23FC /* DBManager.m in Sources */ = {isa = PBXBuildFile; fileRef = 4977B4391BE7783E000B23FC /* DBManager.m */; };
		498C23B31BFAE48B0049795A /* LogViewController.m in Sources */ = {isa = PBXBuildFile; fileRef = 498C23B21BFAE48B0049795A /* LogViewController.m */; };
		4991A7351BF0593400B0B8F4 /* HelpViewController.m in Sources */ = {isa = PBXBuildFile; fileRef = 4991A7341BF0593400B0B8F4 /* HelpViewController.m */; };
		4991A73C1BF0872900B0B8F4 /* EditViewController.m in Sources */ = {isa = PBXBuildFile; fileRef = 4991A73B1BF0872900B0B8F4 /* EditViewController.m */; };
		499791461C27DD2C00A63CAE /* Main.storyboard in Resources */ = {isa = PBXBuildFile; fileRef = 499791451C27DD2C00A63CAE /* Main.storyboard */; };
		499882AE1C22B5C100F33749 /* RSSViewController.m in Sources */ = {isa = PBXBuildFile; fileRef = 499882AD1C22B5C100F33749 /* RSSViewController.m */; };
		499882B31C22C18A00F33749 /* MainTableViewController.m in Sources */ = {isa = PBXBuildFile; fileRef = 499882B21C22C18A00F33749 /* MainTableViewController.m */; };
		499882B61C22CF8A00F33749 /* ContactUSViewController.m in Sources */ = {isa = PBXBuildFile; fileRef = 499882B51C22CF8A00F33749 /* ContactUSViewController.m */; };
		499882B81C22CFBF00F33749 /* MessageUI.framework in Frameworks */ = {isa = PBXBuildFile; fileRef = 499882B71C22CFBF00F33749 /* MessageUI.framework */; };
		499882BB1C22D72D00F33749 /* SubmitStoryViewController.m in Sources */ = {isa = PBXBuildFile; fileRef = 499882BA1C22D72D00F33749 /* SubmitStoryViewController.m */; };
		49A01D5B1C48EACF00B3D938 /* CustomeClass.m in Sources */ = {isa = PBXBuildFile; fileRef = 49A01D5A1C48EACF00B3D938 /* CustomeClass.m */; };
		49CEABC61BE721290090F387 /* main.m in Sources */ = {isa = PBXBuildFile; fileRef = 49CEABC51BE721290090F387 /* main.m */; };
		49CEABC91BE721290090F387 /* AppDelegate.m in Sources */ = {isa = PBXBuildFile; fileRef = 49CEABC81BE721290090F387 /* AppDelegate.m */; };
		49CEABCC1BE721290090F387 /* ViewController.m in Sources */ = {isa = PBXBuildFile; fileRef = 49CEABCB1BE721290090F387 /* ViewController.m */; };
		49CEABD11BE721290090F387 /* Images.xcassets in Resources */ = {isa = PBXBuildFile; fileRef = 49CEABD01BE721290090F387 /* Images.xcassets */; };
		49CEABD41BE721290090F387 /* LaunchScreen.xib in Resources */ = {isa = PBXBuildFile; fileRef = 49CEABD21BE721290090F387 /* LaunchScreen.xib */; };
		49CEABE01BE7212A0090F387 /* license_Expiry_TrackerTests.m in Sources */ = {isa = PBXBuildFile; fileRef = 49CEABDF1BE7212A0090F387 /* license_Expiry_TrackerTests.m */; };
		49CEABF21BE731E60090F387 /* thumbs-up-xxl.png in Resources */ = {isa = PBXBuildFile; fileRef = 49CEABF11BE731E60090F387 /* thumbs-up-xxl.png */; };
		49DE9A671C3A31D10031019A /* libsqlite3.tbd in Frameworks */ = {isa = PBXBuildFile; fileRef = 49DE9A661C3A31D10031019A /* libsqlite3.tbd */; };
		49DE9A6A1C3A55E70031019A /* ViewAllTableViewController.m in Sources */ = {isa = PBXBuildFile; fileRef = 49DE9A691C3A55E70031019A /* ViewAllTableViewController.m */; };
/* End PBXBuildFile section */

/* Begin PBXContainerItemProxy section */
		49CEABDA1BE7212A0090F387 /* PBXContainerItemProxy */ = {
			isa = PBXContainerItemProxy;
			containerPortal = 49CEABB81BE721290090F387 /* Project object */;
			proxyType = 1;
			remoteGlobalIDString = 49CEABBF1BE721290090F387;
			remoteInfo = license_Expiry_Tracker;
		};
/* End PBXContainerItemProxy section */

/* Begin PBXFileReference section */
		0FE74C8F4A2EC30C5B849EC0 /* libPods.a */ = {isa = PBXFileReference; explicitFileType = archive.ar; includeInIndex = 0; path = libPods.a; sourceTree = BUILT_PRODUCTS_DIR; };
		2D6FDF7DAC8627F2C2D4E27E /* Pods.debug.xcconfig */ = {isa = PBXFileReference; includeInIndex = 1; lastKnownFileType = text.xcconfig; name = Pods.debug.xcconfig; path = "Pods/Target Support Files/Pods/Pods.debug.xcconfig"; sourceTree = "<group>"; };
		4920716D1C47B10C002ACC06 /* WebParserViewController.h */ = {isa = PBXFileReference; fileEncoding = 4; lastKnownFileType = sourcecode.c.h; path = WebParserViewController.h; sourceTree = "<group>"; };
		4920716E1C47B10C002ACC06 /* WebParserViewController.m */ = {isa = PBXFileReference; fileEncoding = 4; lastKnownFileType = sourcecode.c.objc; path = WebParserViewController.m; sourceTree = "<group>"; };
		492071701C47B26F002ACC06 /* libxml2.tbd */ = {isa = PBXFileReference; lastKnownFileType = "sourcecode.text-based-dylib-definition"; name = libxml2.tbd; path = usr/lib/libxml2.tbd; sourceTree = SDKROOT; };
		4964A85E1BFF29C500F4B902 /* license.sqlite3 */ = {isa = PBXFileReference; lastKnownFileType = file; path = license.sqlite3; sourceTree = "<group>"; };
		4964A8601BFF3DD900F4B902 /* ChartViewController.h */ = {isa = PBXFileReference; fileEncoding = 4; lastKnownFileType = sourcecode.c.h; path = ChartViewController.h; sourceTree = "<group>"; };
		4964A8611BFF3DD900F4B902 /* ChartViewController.m */ = {isa = PBXFileReference; fileEncoding = 4; lastKnownFileType = sourcecode.c.objc; path = ChartViewController.m; sourceTree = "<group>"; };
		4964A8641BFF516B00F4B902 /* BEMAverageLine.h */ = {isa = PBXFileReference; fileEncoding = 4; lastKnownFileType = sourcecode.c.h; path = BEMAverageLine.h; sourceTree = "<group>"; };
		4964A8651BFF516B00F4B902 /* BEMAverageLine.m */ = {isa = PBXFileReference; fileEncoding = 4; lastKnownFileType = sourcecode.c.objc; path = BEMAverageLine.m; sourceTree = "<group>"; };
		4964A8661BFF516B00F4B902 /* BEMCircle.h */ = {isa = PBXFileReference; fileEncoding = 4; lastKnownFileType = sourcecode.c.h; path = BEMCircle.h; sourceTree = "<group>"; };
		4964A8671BFF516B00F4B902 /* BEMCircle.m */ = {isa = PBXFileReference; fileEncoding = 4; lastKnownFileType = sourcecode.c.objc; path = BEMCircle.m; sourceTree = "<group>"; };
		4964A8681BFF516B00F4B902 /* BEMLine.h */ = {isa = PBXFileReference; fileEncoding = 4; lastKnownFileType = sourcecode.c.h; path = BEMLine.h; sourceTree = "<group>"; };
		4964A8691BFF516B00F4B902 /* BEMLine.m */ = {isa = PBXFileReference; fileEncoding = 4; lastKnownFileType = sourcecode.c.objc; path = BEMLine.m; sourceTree = "<group>"; };
		4964A86A1BFF516B00F4B902 /* BEMPermanentPopupView.h */ = {isa = PBXFileReference; fileEncoding = 4; lastKnownFileType = sourcecode.c.h; path = BEMPermanentPopupView.h; sourceTree = "<group>"; };
		4964A86B1BFF516B00F4B902 /* BEMPermanentPopupView.m */ = {isa = PBXFileReference; fileEncoding = 4; lastKnownFileType = sourcecode.c.objc; path = BEMPermanentPopupView.m; sourceTree = "<group>"; };
		4964A86C1BFF516B00F4B902 /* BEMSimpleLineGraphView.h */ = {isa = PBXFileReference; fileEncoding = 4; lastKnownFileType = sourcecode.c.h; path = BEMSimpleLineGraphView.h; sourceTree = "<group>"; };
		4964A86D1BFF516B00F4B902 /* BEMSimpleLineGraphView.m */ = {isa = PBXFileReference; fileEncoding = 4; lastKnownFileType = sourcecode.c.objc; path = BEMSimpleLineGraphView.m; sourceTree = "<group>"; };
		496BFBE41C23CF4E0001B2BD /* WebPageViewController.h */ = {isa = PBXFileReference; fileEncoding = 4; lastKnownFileType = sourcecode.c.h; path = WebPageViewController.h; sourceTree = "<group>"; };
		496BFBE51C23CF4E0001B2BD /* WebPageViewController.m */ = {isa = PBXFileReference; fileEncoding = 4; lastKnownFileType = sourcecode.c.objc; path = WebPageViewController.m; sourceTree = "<group>"; };
		4977B42E1BE743DA000B23FC /* AddNewEntryController.h */ = {isa = PBXFileReference; fileEncoding = 4; lastKnownFileType = sourcecode.c.h; path = AddNewEntryController.h; sourceTree = "<group>"; };
		4977B42F1BE743DA000B23FC /* AddNewEntryController.m */ = {isa = PBXFileReference; fileEncoding = 4; lastKnownFileType = sourcecode.c.objc; path = AddNewEntryController.m; sourceTree = "<group>"; };
		4977B4381BE7783E000B23FC /* DBManager.h */ = {isa = PBXFileReference; fileEncoding = 4; lastKnownFileType = sourcecode.c.h; path = DBManager.h; sourceTree = "<group>"; };
		4977B4391BE7783E000B23FC /* DBManager.m */ = {isa = PBXFileReference; fileEncoding = 4; lastKnownFileType = sourcecode.c.objc; path = DBManager.m; sourceTree = "<group>"; };
		498C23B11BFAE48B0049795A /* LogViewController.h */ = {isa = PBXFileReference; fileEncoding = 4; lastKnownFileType = sourcecode.c.h; path = LogViewController.h; sourceTree = "<group>"; };
		498C23B21BFAE48B0049795A /* LogViewController.m */ = {isa = PBXFileReference; fileEncoding = 4; lastKnownFileType = sourcecode.c.objc; path = LogViewController.m; sourceTree = "<group>"; };
		4991A7331BF0593400B0B8F4 /* HelpViewController.h */ = {isa = PBXFileReference; fileEncoding = 4; lastKnownFileType = sourcecode.c.h; path = HelpViewController.h; sourceTree = "<group>"; };
		4991A7341BF0593400B0B8F4 /* HelpViewController.m */ = {isa = PBXFileReference; fileEncoding = 4; lastKnownFileType = sourcecode.c.objc; path = HelpViewController.m; sourceTree = "<group>"; };
		4991A73A1BF0872900B0B8F4 /* EditViewController.h */ = {isa = PBXFileReference; fileEncoding = 4; lastKnownFileType = sourcecode.c.h; path = EditViewController.h; sourceTree = "<group>"; };
		4991A73B1BF0872900B0B8F4 /* EditViewController.m */ = {isa = PBXFileReference; fileEncoding = 4; lastKnownFileType = sourcecode.c.objc; path = EditViewController.m; sourceTree = "<group>"; };
		499791451C27DD2C00A63CAE /* Main.storyboard */ = {isa = PBXFileReference; fileEncoding = 4; lastKnownFileType = file.storyboard; path = Main.storyboard; sourceTree = "<group>"; };
		499882AC1C22B5C100F33749 /* RSSViewController.h */ = {isa = PBXFileReference; fileEncoding = 4; lastKnownFileType = sourcecode.c.h; path = RSSViewController.h; sourceTree = "<group>"; };
		499882AD1C22B5C100F33749 /* RSSViewController.m */ = {isa = PBXFileReference; fileEncoding = 4; lastKnownFileType = sourcecode.c.objc; path = RSSViewController.m; sourceTree = "<group>"; };
		499882B11C22C18A00F33749 /* MainTableViewController.h */ = {isa = PBXFileReference; fileEncoding = 4; lastKnownFileType = sourcecode.c.h; path = MainTableViewController.h; sourceTree = "<group>"; };
		499882B21C22C18A00F33749 /* MainTableViewController.m */ = {isa = PBXFileReference; fileEncoding = 4; lastKnownFileType = sourcecode.c.objc; path = MainTableViewController.m; sourceTree = "<group>"; };
		499882B41C22CF8A00F33749 /* ContactUSViewController.h */ = {isa = PBXFileReference; fileEncoding = 4; lastKnownFileType = sourcecode.c.h; path = ContactUSViewController.h; sourceTree = "<group>"; };
		499882B51C22CF8A00F33749 /* ContactUSViewController.m */ = {isa = PBXFileReference; fileEncoding = 4; lastKnownFileType = sourcecode.c.objc; path = ContactUSViewController.m; sourceTree = "<group>"; };
		499882B71C22CFBF00F33749 /* MessageUI.framework */ = {isa = PBXFileReference; lastKnownFileType = wrapper.framework; name = MessageUI.framework; path = System/Library/Frameworks/MessageUI.framework; sourceTree = SDKROOT; };
		499882B91C22D72D00F33749 /* SubmitStoryViewController.h */ = {isa = PBXFileReference; fileEncoding = 4; lastKnownFileType = sourcecode.c.h; path = SubmitStoryViewController.h; sourceTree = "<group>"; };
		499882BA1C22D72D00F33749 /* SubmitStoryViewController.m */ = {isa = PBXFileReference; fileEncoding = 4; lastKnownFileType = sourcecode.c.objc; path = SubmitStoryViewController.m; sourceTree = "<group>"; };
		49A01D591C48EACF00B3D938 /* CustomeClass.h */ = {isa = PBXFileReference; fileEncoding = 4; lastKnownFileType = sourcecode.c.h; path = CustomeClass.h; sourceTree = "<group>"; };
		49A01D5A1C48EACF00B3D938 /* CustomeClass.m */ = {isa = PBXFileReference; fileEncoding = 4; lastKnownFileType = sourcecode.c.objc; path = CustomeClass.m; sourceTree = "<group>"; };
		49CEABC01BE721290090F387 /* license_Expiry_Tracker.app */ = {isa = PBXFileReference; explicitFileType = wrapper.application; includeInIndex = 0; path = license_Expiry_Tracker.app; sourceTree = BUILT_PRODUCTS_DIR; };
		49CEABC41BE721290090F387 /* Info.plist */ = {isa = PBXFileReference; lastKnownFileType = text.plist.xml; path = Info.plist; sourceTree = "<group>"; };
		49CEABC51BE721290090F387 /* main.m */ = {isa = PBXFileReference; lastKnownFileType = sourcecode.c.objc; path = main.m; sourceTree = "<group>"; };
		49CEABC71BE721290090F387 /* AppDelegate.h */ = {isa = PBXFileReference; lastKnownFileType = sourcecode.c.h; path = AppDelegate.h; sourceTree = "<group>"; };
		49CEABC81BE721290090F387 /* AppDelegate.m */ = {isa = PBXFileReference; lastKnownFileType = sourcecode.c.objc; path = AppDelegate.m; sourceTree = "<group>"; };
		49CEABCA1BE721290090F387 /* ViewController.h */ = {isa = PBXFileReference; lastKnownFileType = sourcecode.c.h; path = ViewController.h; sourceTree = "<group>"; };
		49CEABCB1BE721290090F387 /* ViewController.m */ = {isa = PBXFileReference; lastKnownFileType = sourcecode.c.objc; path = ViewController.m; sourceTree = "<group>"; };
		49CEABD01BE721290090F387 /* Images.xcassets */ = {isa = PBXFileReference; lastKnownFileType = folder.assetcatalog; path = Images.xcassets; sourceTree = "<group>"; };
		49CEABD31BE721290090F387 /* Base */ = {isa = PBXFileReference; lastKnownFileType = file.xib; name = Base; path = Base.lproj/LaunchScreen.xib; sourceTree = "<group>"; };
		49CEABD91BE7212A0090F387 /* license_Expiry_TrackerTests.xctest */ = {isa = PBXFileReference; explicitFileType = wrapper.cfbundle; includeInIndex = 0; path = license_Expiry_TrackerTests.xctest; sourceTree = BUILT_PRODUCTS_DIR; };
		49CEABDE1BE7212A0090F387 /* Info.plist */ = {isa = PBXFileReference; lastKnownFileType = text.plist.xml; path = Info.plist; sourceTree = "<group>"; };
		49CEABDF1BE7212A0090F387 /* license_Expiry_TrackerTests.m */ = {isa = PBXFileReference; lastKnownFileType = sourcecode.c.objc; path = license_Expiry_TrackerTests.m; sourceTree = "<group>"; };
		49CEABF11BE731E60090F387 /* thumbs-up-xxl.png */ = {isa = PBXFileReference; lastKnownFileType = image.png; path = "thumbs-up-xxl.png"; sourceTree = "<group>"; };
		49DE9A661C3A31D10031019A /* libsqlite3.tbd */ = {isa = PBXFileReference; lastKnownFileType = "sourcecode.text-based-dylib-definition"; name = libsqlite3.tbd; path = usr/lib/libsqlite3.tbd; sourceTree = SDKROOT; };
		49DE9A681C3A55E70031019A /* ViewAllTableViewController.h */ = {isa = PBXFileReference; fileEncoding = 4; lastKnownFileType = sourcecode.c.h; path = ViewAllTableViewController.h; sourceTree = "<group>"; };
		49DE9A691C3A55E70031019A /* ViewAllTableViewController.m */ = {isa = PBXFileReference; fileEncoding = 4; lastKnownFileType = sourcecode.c.objc; path = ViewAllTableViewController.m; sourceTree = "<group>"; };
		629C42D942523C54C78139CE /* Pods.release.xcconfig */ = {isa = PBXFileReference; includeInIndex = 1; lastKnownFileType = text.xcconfig; name = Pods.release.xcconfig; path = "Pods/Target Support Files/Pods/Pods.release.xcconfig"; sourceTree = "<group>"; };
/* End PBXFileReference section */

/* Begin PBXFrameworksBuildPhase section */
		49CEABBD1BE721290090F387 /* Frameworks */ = {
			isa = PBXFrameworksBuildPhase;
			buildActionMask = 2147483647;
			files = (
				492071711C47B26F002ACC06 /* libxml2.tbd in Frameworks */,
				49DE9A671C3A31D10031019A /* libsqlite3.tbd in Frameworks */,
				499882B81C22CFBF00F33749 /* MessageUI.framework in Frameworks */,
				0B4E50E60191CC514C6C342B /* libPods.a in Frameworks */,
			);
			runOnlyForDeploymentPostprocessing = 0;
		};
		49CEABD61BE7212A0090F387 /* Frameworks */ = {
			isa = PBXFrameworksBuildPhase;
			buildActionMask = 2147483647;
			files = (
			);
			runOnlyForDeploymentPostprocessing = 0;
		};
/* End PBXFrameworksBuildPhase section */

/* Begin PBXGroup section */
		13241646B87B911D421B9518 /* Pods */ = {
			isa = PBXGroup;
			children = (
				2D6FDF7DAC8627F2C2D4E27E /* Pods.debug.xcconfig */,
				629C42D942523C54C78139CE /* Pods.release.xcconfig */,
			);
			name = Pods;
			sourceTree = "<group>";
		};
		4964A8631BFF516B00F4B902 /* Classes */ = {
			isa = PBXGroup;
			children = (
				4964A8641BFF516B00F4B902 /* BEMAverageLine.h */,
				4964A8651BFF516B00F4B902 /* BEMAverageLine.m */,
				4964A8661BFF516B00F4B902 /* BEMCircle.h */,
				4964A8671BFF516B00F4B902 /* BEMCircle.m */,
				4964A8681BFF516B00F4B902 /* BEMLine.h */,
				4964A8691BFF516B00F4B902 /* BEMLine.m */,
				4964A86A1BFF516B00F4B902 /* BEMPermanentPopupView.h */,
				4964A86B1BFF516B00F4B902 /* BEMPermanentPopupView.m */,
				4964A86C1BFF516B00F4B902 /* BEMSimpleLineGraphView.h */,
				4964A86D1BFF516B00F4B902 /* BEMSimpleLineGraphView.m */,
			);
			path = Classes;
			sourceTree = "<group>";
		};
		499320B61C197CB500A792C5 /* Model */ = {
			isa = PBXGroup;
			children = (
				4977B4381BE7783E000B23FC /* DBManager.h */,
				4977B4391BE7783E000B23FC /* DBManager.m */,
				49A01D591C48EACF00B3D938 /* CustomeClass.h */,
				49A01D5A1C48EACF00B3D938 /* CustomeClass.m */,
			);
			name = Model;
			sourceTree = "<group>";
		};
		499320B71C197CCE00A792C5 /* Controller */ = {
			isa = PBXGroup;
			children = (
				499791451C27DD2C00A63CAE /* Main.storyboard */,
				4964A8601BFF3DD900F4B902 /* ChartViewController.h */,
				4964A8611BFF3DD900F4B902 /* ChartViewController.m */,
				498C23B11BFAE48B0049795A /* LogViewController.h */,
				498C23B21BFAE48B0049795A /* LogViewController.m */,
				4991A73A1BF0872900B0B8F4 /* EditViewController.h */,
				4991A73B1BF0872900B0B8F4 /* EditViewController.m */,
				4991A7331BF0593400B0B8F4 /* HelpViewController.h */,
				4991A7341BF0593400B0B8F4 /* HelpViewController.m */,
				49CEABCA1BE721290090F387 /* ViewController.h */,
				49CEABCB1BE721290090F387 /* ViewController.m */,
				4977B42E1BE743DA000B23FC /* AddNewEntryController.h */,
				4977B42F1BE743DA000B23FC /* AddNewEntryController.m */,
				499882AC1C22B5C100F33749 /* RSSViewController.h */,
				499882AD1C22B5C100F33749 /* RSSViewController.m */,
				499882B41C22CF8A00F33749 /* ContactUSViewController.h */,
				499882B51C22CF8A00F33749 /* ContactUSViewController.m */,
				499882B91C22D72D00F33749 /* SubmitStoryViewController.h */,
				499882BA1C22D72D00F33749 /* SubmitStoryViewController.m */,
				496BFBE41C23CF4E0001B2BD /* WebPageViewController.h */,
				496BFBE51C23CF4E0001B2BD /* WebPageViewController.m */,
				4920716D1C47B10C002ACC06 /* WebParserViewController.h */,
				4920716E1C47B10C002ACC06 /* WebParserViewController.m */,
			);
			name = Controller;
			sourceTree = "<group>";
		};
		499882B01C22C0FA00F33749 /* TableView */ = {
			isa = PBXGroup;
			children = (
				499882B11C22C18A00F33749 /* MainTableViewController.h */,
				499882B21C22C18A00F33749 /* MainTableViewController.m */,
				49DE9A681C3A55E70031019A /* ViewAllTableViewController.h */,
				49DE9A691C3A55E70031019A /* ViewAllTableViewController.m */,
			);
			name = TableView;
			sourceTree = "<group>";
		};
		49CEABB71BE721290090F387 = {
			isa = PBXGroup;
			children = (
				49DE9A661C3A31D10031019A /* libsqlite3.tbd */,
				499882B71C22CFBF00F33749 /* MessageUI.framework */,
				4964A8631BFF516B00F4B902 /* Classes */,
				49CEABC21BE721290090F387 /* license_Expiry_Tracker */,
				49CEABDC1BE7212A0090F387 /* license_Expiry_TrackerTests */,
				49CEABC11BE721290090F387 /* Products */,
				13241646B87B911D421B9518 /* Pods */,
				BE3F2846F47C8BC7D2A769D3 /* Frameworks */,
			);
			sourceTree = "<group>";
		};
		49CEABC11BE721290090F387 /* Products */ = {
			isa = PBXGroup;
			children = (
				49CEABC01BE721290090F387 /* license_Expiry_Tracker.app */,
				49CEABD91BE7212A0090F387 /* license_Expiry_TrackerTests.xctest */,
			);
			name = Products;
			sourceTree = "<group>";
		};
		49CEABC21BE721290090F387 /* license_Expiry_Tracker */ = {
			isa = PBXGroup;
			children = (
				499882B01C22C0FA00F33749 /* TableView */,
				499320B61C197CB500A792C5 /* Model */,
				499320B71C197CCE00A792C5 /* Controller */,
				49CEABC71BE721290090F387 /* AppDelegate.h */,
				49CEABC81BE721290090F387 /* AppDelegate.m */,
				49CEABD01BE721290090F387 /* Images.xcassets */,
				49CEABD21BE721290090F387 /* LaunchScreen.xib */,
				49CEABC31BE721290090F387 /* Supporting Files */,
			);
			path = license_Expiry_Tracker;
			sourceTree = "<group>";
		};
		49CEABC31BE721290090F387 /* Supporting Files */ = {
			isa = PBXGroup;
			children = (
				4964A85E1BFF29C500F4B902 /* license.sqlite3 */,
				49CEABF11BE731E60090F387 /* thumbs-up-xxl.png */,
				49CEABC41BE721290090F387 /* Info.plist */,
				49CEABC51BE721290090F387 /* main.m */,
			);
			name = "Supporting Files";
			sourceTree = "<group>";
		};
		49CEABDC1BE7212A0090F387 /* license_Expiry_TrackerTests */ = {
			isa = PBXGroup;
			children = (
				49CEABDF1BE7212A0090F387 /* license_Expiry_TrackerTests.m */,
				49CEABDD1BE7212A0090F387 /* Supporting Files */,
			);
			path = license_Expiry_TrackerTests;
			sourceTree = "<group>";
		};
		49CEABDD1BE7212A0090F387 /* Supporting Files */ = {
			isa = PBXGroup;
			children = (
				49CEABDE1BE7212A0090F387 /* Info.plist */,
			);
			name = "Supporting Files";
			sourceTree = "<group>";
		};
		BE3F2846F47C8BC7D2A769D3 /* Frameworks */ = {
			isa = PBXGroup;
			children = (
				492071701C47B26F002ACC06 /* libxml2.tbd */,
				0FE74C8F4A2EC30C5B849EC0 /* libPods.a */,
			);
			name = Frameworks;
			sourceTree = "<group>";
		};
/* End PBXGroup section */

/* Begin PBXNativeTarget section */
		49CEABBF1BE721290090F387 /* license_Expiry_Tracker */ = {
			isa = PBXNativeTarget;
			buildConfigurationList = 49CEABE31BE7212A0090F387 /* Build configuration list for PBXNativeTarget "license_Expiry_Tracker" */;
			buildPhases = (
				BD16B98DF57A4DEE913B3EC3 /* Check Pods Manifest.lock */,
				49CEABBC1BE721290090F387 /* Sources */,
				49CEABBD1BE721290090F387 /* Frameworks */,
				49CEABBE1BE721290090F387 /* Resources */,
				ED6541253C913F5840F5A554 /* Embed Pods Frameworks */,
				B735CB710A93CAE16283350E /* Copy Pods Resources */,
			);
			buildRules = (
			);
			dependencies = (
			);
			name = license_Expiry_Tracker;
			productName = license_Expiry_Tracker;
			productReference = 49CEABC01BE721290090F387 /* license_Expiry_Tracker.app */;
			productType = "com.apple.product-type.application";
		};
		49CEABD81BE7212A0090F387 /* license_Expiry_TrackerTests */ = {
			isa = PBXNativeTarget;
			buildConfigurationList = 49CEABE61BE7212A0090F387 /* Build configuration list for PBXNativeTarget "license_Expiry_TrackerTests" */;
			buildPhases = (
				49CEABD51BE7212A0090F387 /* Sources */,
				49CEABD61BE7212A0090F387 /* Frameworks */,
				49CEABD71BE7212A0090F387 /* Resources */,
			);
			buildRules = (
			);
			dependencies = (
				49CEABDB1BE7212A0090F387 /* PBXTargetDependency */,
			);
			name = license_Expiry_TrackerTests;
			productName = license_Expiry_TrackerTests;
			productReference = 49CEABD91BE7212A0090F387 /* license_Expiry_TrackerTests.xctest */;
			productType = "com.apple.product-type.bundle.unit-test";
		};
/* End PBXNativeTarget section */

/* Begin PBXProject section */
		49CEABB81BE721290090F387 /* Project object */ = {
			isa = PBXProject;
			attributes = {
				LastUpgradeCheck = 0720;
				ORGANIZATIONNAME = SJI;
				TargetAttributes = {
					49CEABBF1BE721290090F387 = {
						CreatedOnToolsVersion = 6.4;
						DevelopmentTeam = D8LKRY8KTA;
					};
					49CEABD81BE7212A0090F387 = {
						CreatedOnToolsVersion = 6.4;
						TestTargetID = 49CEABBF1BE721290090F387;
					};
				};
			};
			buildConfigurationList = 49CEABBB1BE721290090F387 /* Build configuration list for PBXProject "license_Expiry_Tracker" */;
			compatibilityVersion = "Xcode 3.2";
			developmentRegion = English;
			hasScannedForEncodings = 0;
			knownRegions = (
				en,
				Base,
				da,
				de,
				"es-ES",
				es,
				fr,
				ja,
				pt,
				"zh-Hans",
				"zh-Hant",
			);
			mainGroup = 49CEABB71BE721290090F387;
			productRefGroup = 49CEABC11BE721290090F387 /* Products */;
			projectDirPath = "";
			projectRoot = "";
			targets = (
				49CEABBF1BE721290090F387 /* license_Expiry_Tracker */,
				49CEABD81BE7212A0090F387 /* license_Expiry_TrackerTests */,
			);
		};
/* End PBXProject section */

/* Begin PBXResourcesBuildPhase section */
		49CEABBE1BE721290090F387 /* Resources */ = {
			isa = PBXResourcesBuildPhase;
			buildActionMask = 2147483647;
			files = (
				4964A85F1BFF29C500F4B902 /* license.sqlite3 in Resources */,
				499791461C27DD2C00A63CAE /* Main.storyboard in Resources */,
				49CEABF21BE731E60090F387 /* thumbs-up-xxl.png in Resources */,
				49CEABD41BE721290090F387 /* LaunchScreen.xib in Resources */,
				49CEABD11BE721290090F387 /* Images.xcassets in Resources */,
			);
			runOnlyForDeploymentPostprocessing = 0;
		};
		49CEABD71BE7212A0090F387 /* Resources */ = {
			isa = PBXResourcesBuildPhase;
			buildActionMask = 2147483647;
			files = (
			);
			runOnlyForDeploymentPostprocessing = 0;
		};
/* End PBXResourcesBuildPhase section */

/* Begin PBXShellScriptBuildPhase section */
		B735CB710A93CAE16283350E /* Copy Pods Resources */ = {
			isa = PBXShellScriptBuildPhase;
			buildActionMask = 2147483647;
			files = (
			);
			inputPaths = (
			);
			name = "Copy Pods Resources";
			outputPaths = (
			);
			runOnlyForDeploymentPostprocessing = 0;
			shellPath = /bin/sh;
			shellScript = "\"${SRCROOT}/Pods/Target Support Files/Pods/Pods-resources.sh\"\n";
			showEnvVarsInLog = 0;
		};
		BD16B98DF57A4DEE913B3EC3 /* Check Pods Manifest.lock */ = {
			isa = PBXShellScriptBuildPhase;
			buildActionMask = 2147483647;
			files = (
			);
			inputPaths = (
			);
			name = "Check Pods Manifest.lock";
			outputPaths = (
			);
			runOnlyForDeploymentPostprocessing = 0;
			shellPath = /bin/sh;
			shellScript = "diff \"${PODS_ROOT}/../Podfile.lock\" \"${PODS_ROOT}/Manifest.lock\" > /dev/null\nif [[ $? != 0 ]] ; then\n    cat << EOM\nerror: The sandbox is not in sync with the Podfile.lock. Run 'pod install' or update your CocoaPods installation.\nEOM\n    exit 1\nfi\n";
			showEnvVarsInLog = 0;
		};
		ED6541253C913F5840F5A554 /* Embed Pods Frameworks */ = {
			isa = PBXShellScriptBuildPhase;
			buildActionMask = 2147483647;
			files = (
			);
			inputPaths = (
			);
			name = "Embed Pods Frameworks";
			outputPaths = (
			);
			runOnlyForDeploymentPostprocessing = 0;
			shellPath = /bin/sh;
			shellScript = "\"${SRCROOT}/Pods/Target Support Files/Pods/Pods-frameworks.sh\"\n";
			showEnvVarsInLog = 0;
		};
/* End PBXShellScriptBuildPhase section */

/* Begin PBXSourcesBuildPhase section */
		49CEABBC1BE721290090F387 /* Sources */ = {
			isa = PBXSourcesBuildPhase;
			buildActionMask = 2147483647;
			files = (
				499882B31C22C18A00F33749 /* MainTableViewController.m in Sources */,
				4964A8721BFF516B00F4B902 /* BEMSimpleLineGraphView.m in Sources */,
				499882BB1C22D72D00F33749 /* SubmitStoryViewController.m in Sources */,
				499882AE1C22B5C100F33749 /* RSSViewController.m in Sources */,
				4964A8711BFF516B00F4B902 /* BEMPermanentPopupView.m in Sources */,
				496BFBE61C23CF4E0001B2BD /* WebPageViewController.m in Sources */,
				4964A8701BFF516B00F4B902 /* BEMLine.m in Sources */,
				49CEABCC1BE721290090F387 /* ViewController.m in Sources */,
				4991A73C1BF0872900B0B8F4 /* EditViewController.m in Sources */,
				49A01D5B1C48EACF00B3D938 /* CustomeClass.m in Sources */,
				49CEABC91BE721290090F387 /* AppDelegate.m in Sources */,
				499882B61C22CF8A00F33749 /* ContactUSViewController.m in Sources */,
				49CEABC61BE721290090F387 /* main.m in Sources */,
				4920716F1C47B10C002ACC06 /* WebParserViewController.m in Sources */,
				49DE9A6A1C3A55E70031019A /* ViewAllTableViewController.m in Sources */,
				4977B4301BE743DA000B23FC /* AddNewEntryController.m in Sources */,
				4977B43A1BE7783E000B23FC /* DBManager.m in Sources */,
				498C23B31BFAE48B0049795A /* LogViewController.m in Sources */,
				4991A7351BF0593400B0B8F4 /* HelpViewController.m in Sources */,
				4964A86E1BFF516B00F4B902 /* BEMAverageLine.m in Sources */,
				4964A8621BFF3DD900F4B902 /* ChartViewController.m in Sources */,
				4964A86F1BFF516B00F4B902 /* BEMCircle.m in Sources */,
			);
			runOnlyForDeploymentPostprocessing = 0;
		};
		49CEABD51BE7212A0090F387 /* Sources */ = {
			isa = PBXSourcesBuildPhase;
			buildActionMask = 2147483647;
			files = (
				49CEABE01BE7212A0090F387 /* license_Expiry_TrackerTests.m in Sources */,
			);
			runOnlyForDeploymentPostprocessing = 0;
		};
/* End PBXSourcesBuildPhase section */

/* Begin PBXTargetDependency section */
		49CEABDB1BE7212A0090F387 /* PBXTargetDependency */ = {
			isa = PBXTargetDependency;
			target = 49CEABBF1BE721290090F387 /* license_Expiry_Tracker */;
			targetProxy = 49CEABDA1BE7212A0090F387 /* PBXContainerItemProxy */;
		};
/* End PBXTargetDependency section */

/* Begin PBXVariantGroup section */
		49CEABD21BE721290090F387 /* LaunchScreen.xib */ = {
			isa = PBXVariantGroup;
			children = (
				49CEABD31BE721290090F387 /* Base */,
			);
			name = LaunchScreen.xib;
			sourceTree = "<group>";
		};
/* End PBXVariantGroup section */

/* Begin XCBuildConfiguration section */
		49CEABE11BE7212A0090F387 /* Debug */ = {
			isa = XCBuildConfiguration;
			buildSettings = {
				ALWAYS_SEARCH_USER_PATHS = NO;
				CLANG_CXX_LANGUAGE_STANDARD = "gnu++0x";
				CLANG_CXX_LIBRARY = "libc++";
				CLANG_ENABLE_MODULES = YES;
				CLANG_ENABLE_OBJC_ARC = YES;
				CLANG_WARN_BOOL_CONVERSION = YES;
				CLANG_WARN_CONSTANT_CONVERSION = YES;
				CLANG_WARN_DIRECT_OBJC_ISA_USAGE = YES_ERROR;
				CLANG_WARN_EMPTY_BODY = YES;
				CLANG_WARN_ENUM_CONVERSION = YES;
				CLANG_WARN_INT_CONVERSION = YES;
				CLANG_WARN_OBJC_ROOT_CLASS = YES_ERROR;
				CLANG_WARN_UNREACHABLE_CODE = YES;
				CLANG_WARN__DUPLICATE_METHOD_MATCH = YES;
				"CODE_SIGN_IDENTITY[sdk=iphoneos*]" = "iPhone Developer";
				COPY_PHASE_STRIP = NO;
				DEBUG_INFORMATION_FORMAT = "dwarf-with-dsym";
				ENABLE_STRICT_OBJC_MSGSEND = YES;
				ENABLE_TESTABILITY = YES;
				GCC_C_LANGUAGE_STANDARD = gnu99;
				GCC_DYNAMIC_NO_PIC = NO;
				GCC_NO_COMMON_BLOCKS = YES;
				GCC_OPTIMIZATION_LEVEL = 0;
				GCC_PREPROCESSOR_DEFINITIONS = (
					"DEBUG=1",
					"$(inherited)",
				);
				GCC_SYMBOLS_PRIVATE_EXTERN = NO;
				GCC_WARN_64_TO_32_BIT_CONVERSION = YES;
				GCC_WARN_ABOUT_RETURN_TYPE = YES_ERROR;
				GCC_WARN_UNDECLARED_SELECTOR = YES;
				GCC_WARN_UNINITIALIZED_AUTOS = YES_AGGRESSIVE;
				GCC_WARN_UNUSED_FUNCTION = YES;
				GCC_WARN_UNUSED_VARIABLE = YES;
				IPHONEOS_DEPLOYMENT_TARGET = 8.4;
				MTL_ENABLE_DEBUG_INFO = YES;
				ONLY_ACTIVE_ARCH = YES;
				SDKROOT = iphoneos;
			};
			name = Debug;
		};
		49CEABE21BE7212A0090F387 /* Release */ = {
			isa = XCBuildConfiguration;
			buildSettings = {
				ALWAYS_SEARCH_USER_PATHS = NO;
				CLANG_CXX_LANGUAGE_STANDARD = "gnu++0x";
				CLANG_CXX_LIBRARY = "libc++";
				CLANG_ENABLE_MODULES = YES;
				CLANG_ENABLE_OBJC_ARC = YES;
				CLANG_WARN_BOOL_CONVERSION = YES;
				CLANG_WARN_CONSTANT_CONVERSION = YES;
				CLANG_WARN_DIRECT_OBJC_ISA_USAGE = YES_ERROR;
				CLANG_WARN_EMPTY_BODY = YES;
				CLANG_WARN_ENUM_CONVERSION = YES;
				CLANG_WARN_INT_CONVERSION = YES;
				CLANG_WARN_OBJC_ROOT_CLASS = YES_ERROR;
				CLANG_WARN_UNREACHABLE_CODE = YES;
				CLANG_WARN__DUPLICATE_METHOD_MATCH = YES;
				"CODE_SIGN_IDENTITY[sdk=iphoneos*]" = "iPhone Developer";
				COPY_PHASE_STRIP = NO;
				DEBUG_INFORMATION_FORMAT = "dwarf-with-dsym";
				ENABLE_NS_ASSERTIONS = NO;
				ENABLE_STRICT_OBJC_MSGSEND = YES;
				GCC_C_LANGUAGE_STANDARD = gnu99;
				GCC_NO_COMMON_BLOCKS = YES;
				GCC_WARN_64_TO_32_BIT_CONVERSION = YES;
				GCC_WARN_ABOUT_RETURN_TYPE = YES_ERROR;
				GCC_WARN_UNDECLARED_SELECTOR = YES;
				GCC_WARN_UNINITIALIZED_AUTOS = YES_AGGRESSIVE;
				GCC_WARN_UNUSED_FUNCTION = YES;
				GCC_WARN_UNUSED_VARIABLE = YES;
				IPHONEOS_DEPLOYMENT_TARGET = 8.4;
				MTL_ENABLE_DEBUG_INFO = NO;
				SDKROOT = iphoneos;
				VALIDATE_PRODUCT = YES;
			};
			name = Release;
		};
		49CEABE41BE7212A0090F387 /* Debug */ = {
			isa = XCBuildConfiguration;
			baseConfigurationReference = 2D6FDF7DAC8627F2C2D4E27E /* Pods.debug.xcconfig */;
			buildSettings = {
				ASSETCATALOG_COMPILER_APPICON_NAME = AppIcon;
				CODE_SIGN_IDENTITY = "iPhone Developer";
				"CODE_SIGN_IDENTITY[sdk=iphoneos*]" = "iPhone Developer";
				INFOPLIST_FILE = license_Expiry_Tracker/Info.plist;
				IPHONEOS_DEPLOYMENT_TARGET = 8.0;
				LD_RUNPATH_SEARCH_PATHS = "$(inherited) @executable_path/Frameworks";
				PRODUCT_BUNDLE_IDENTIFIER = "com.sjiinovation.phonegap.license-Expiry-Tracker";
				PRODUCT_NAME = "$(TARGET_NAME)";
				PROVISIONING_PROFILE = "";
			};
			name = Debug;
		};
		49CEABE51BE7212A0090F387 /* Release */ = {
			isa = XCBuildConfiguration;
			baseConfigurationReference = 629C42D942523C54C78139CE /* Pods.release.xcconfig */;
			buildSettings = {
				ASSETCATALOG_COMPILER_APPICON_NAME = AppIcon;
				CODE_SIGN_IDENTITY = "iPhone Developer";
				"CODE_SIGN_IDENTITY[sdk=iphoneos*]" = "iPhone Developer";
				INFOPLIST_FILE = license_Expiry_Tracker/Info.plist;
				IPHONEOS_DEPLOYMENT_TARGET = 8.0;
				LD_RUNPATH_SEARCH_PATHS = "$(inherited) @executable_path/Frameworks";
				PRODUCT_BUNDLE_IDENTIFIER = "com.sjiinovation.phonegap.license-Expiry-Tracker";
				PRODUCT_NAME = "$(TARGET_NAME)";
				PROVISIONING_PROFILE = "";
			};
			name = Release;
		};
		49CEABE71BE7212A0090F387 /* Debug */ = {
			isa = XCBuildConfiguration;
			buildSettings = {
				BUNDLE_LOADER = "$(TEST_HOST)";
				FRAMEWORK_SEARCH_PATHS = (
					"$(SDKROOT)/Developer/Library/Frameworks",
					"$(inherited)",
				);
				GCC_PREPROCESSOR_DEFINITIONS = (
					"DEBUG=1",
					"$(inherited)",
				);
				INFOPLIST_FILE = license_Expiry_TrackerTests/Info.plist;
				LD_RUNPATH_SEARCH_PATHS = "$(inherited) @executable_path/Frameworks @loader_path/Frameworks";
				PRODUCT_BUNDLE_IDENTIFIER = "com.sjiinovation.phonegap.$(PRODUCT_NAME:rfc1034identifier)";
				PRODUCT_NAME = "$(TARGET_NAME)";
				TEST_HOST = "$(BUILT_PRODUCTS_DIR)/license_Expiry_Tracker.app/license_Expiry_Tracker";
			};
			name = Debug;
		};
		49CEABE81BE7212A0090F387 /* Release */ = {
			isa = XCBuildConfiguration;
			buildSettings = {
				BUNDLE_LOADER = "$(TEST_HOST)";
				FRAMEWORK_SEARCH_PATHS = (
					"$(SDKROOT)/Developer/Library/Frameworks",
					"$(inherited)",
				);
				INFOPLIST_FILE = license_Expiry_TrackerTests/Info.plist;
				LD_RUNPATH_SEARCH_PATHS = "$(inherited) @executable_path/Frameworks @loader_path/Frameworks";
				PRODUCT_BUNDLE_IDENTIFIER = "com.sjiinovation.phonegap.$(PRODUCT_NAME:rfc1034identifier)";
				PRODUCT_NAME = "$(TARGET_NAME)";
				TEST_HOST = "$(BUILT_PRODUCTS_DIR)/license_Expiry_Tracker.app/license_Expiry_Tracker";
			};
			name = Release;
		};
/* End XCBuildConfiguration section */

/* Begin XCConfigurationList section */
		49CEABBB1BE721290090F387 /* Build configuration list for PBXProject "license_Expiry_Tracker" */ = {
			isa = XCConfigurationList;
			buildConfigurations = (
				49CEABE11BE7212A0090F387 /* Debug */,
				49CEABE21BE7212A0090F387 /* Release */,
			);
			defaultConfigurationIsVisible = 0;
			defaultConfigurationName = Release;
		};
		49CEABE31BE7212A0090F387 /* Build configuration list for PBXNativeTarget "license_Expiry_Tracker" */ = {
			isa = XCConfigurationList;
			buildConfigurations = (
				49CEABE41BE7212A0090F387 /* Debug */,
				49CEABE51BE7212A0090F387 /* Release */,
			);
			defaultConfigurationIsVisible = 0;
			defaultConfigurationName = Release;
		};
		49CEABE61BE7212A0090F387 /* Build configuration list for PBXNativeTarget "license_Expiry_TrackerTests" */ = {
			isa = XCConfigurationList;
			buildConfigurations = (
				49CEABE71BE7212A0090F387 /* Debug */,
				49CEABE81BE7212A0090F387 /* Release */,
			);
			defaultConfigurationIsVisible = 0;
			defaultConfigurationName = Release;
		};
/* End XCConfigurationList section */
	};
	rootObject = 49CEABB81BE721290090F387 /* Project object */;
}
